
Microsoft Visual Studio Solution File, Format Version 12.00
# Visual Studio Version 17
VisualStudioVersion = 17.4.33403.182
MinimumVisualStudioVersion = 10.0.40219.1
Project("{9A19103F-16F7-4668-BE54-9A1E7A4F7556}") = "EditorsFriend", "EditorsFriend.csproj", "{818D1709-77F1-4E7D-A60C-71893E15639A}"
EndProject
Global
	GlobalSection(SolutionConfigurationPlatforms) = preSolution
		Debug|Any CPU = Debug|Any CPU
		Release|Any CPU = Release|Any CPU
	EndGlobalSection
	GlobalSection(ProjectConfigurationPlatforms) = postSolution
		{818D1709-77F1-4E7D-A60C-71893E15639A}.Debug|Any CPU.ActiveCfg = Debug|Any CPU
		{818D1709-77F1-4E7D-A60C-71893E15639A}.Debug|Any CPU.Build.0 = Debug|Any CPU
		{818D1709-77F1-4E7D-A60C-71893E15639A}.Release|Any CPU.ActiveCfg = Release|Any CPU
		{818D1709-77F1-4E7D-A60C-71893E15639A}.Release|Any CPU.Build.0 = Release|Any CPU
	EndGlobalSection
	GlobalSection(SolutionProperties) = preSolution
		HideSolutionNode = FALSE
	EndGlobalSection
	GlobalSection(ExtensibilityGlobals) = postSolution
		SolutionGuid = {3735185B-1330-4277-B140-2AE3EAD21E58}
	EndGlobalSection
EndGlobal
